
Microsoft Visual Studio Solution File, Format Version 12.00
# Visual Studio 15
VisualStudioVersion = 15.0.28307.757
MinimumVisualStudioVersion = 10.0.40219.1
Project("{888888A0-9F3D-457C-B088-3A5042F75D52}") = "rock-paper-scissors", "rock-paper-scissors\rock-paper-scissors.pyproj", "{334E4BDF-57F2-43D3-8F99-EFC0097DC095}"
EndProject
Global
	GlobalSection(SolutionConfigurationPlatforms) = preSolution
		Debug|Any CPU = Debug|Any CPU
		Release|Any CPU = Release|Any CPU
	EndGlobalSection
	GlobalSection(ProjectConfigurationPlatforms) = postSolution
		{334E4BDF-57F2-43D3-8F99-EFC0097DC095}.Debug|Any CPU.ActiveCfg = Debug|Any CPU
		{334E4BDF-57F2-43D3-8F99-EFC0097DC095}.Release|Any CPU.ActiveCfg = Release|Any CPU
	EndGlobalSection
	GlobalSection(SolutionProperties) = preSolution
		HideSolutionNode = FALSE
	EndGlobalSection
	GlobalSection(ExtensibilityGlobals) = postSolution
		SolutionGuid = {751A1C71-525F-448B-9D6A-B14CC988E4AB}
	EndGlobalSection
EndGlobal
